{
    "name": "slate-tc",
    "lockfileVersion": 3,
    "requires": true,
    "packages": {
        "": {
            "name": "slate-tc",
            "license": "MIT",
            "dependencies": {
                "slate": "0.88.1",
                "slate-react": "^0.88.2"
            },
            "devDependencies": {
                "prettier": "^2.8.3"
            }
        },
        "node_modules/@types/is-hotkey": {
            "version": "0.1.7",
            "resolved": "https://registry.npmjs.org/@types/is-hotkey/-/is-hotkey-0.1.7.tgz",
            "integrity": "sha512-yB5C7zcOM7idwYZZ1wKQ3pTfjA9BbvFqRWvKB46GFddxnJtHwi/b9y84ykQtxQPg5qhdpg4Q/kWU3EGoCTmLzQ=="
        },
        "node_modules/@types/lodash": {
            "version": "4.14.191",
            "resolved": "https://registry.npmjs.org/@types/lodash/-/lodash-4.14.191.tgz",
            "integrity": "sha512-BdZ5BCCvho3EIXw6wUCXHe7rS53AIDPLE+JzwgT+OsJk53oBfbSmZZ7CX4VaRoN78N+TJpFi9QPlfIVNmJYWxQ=="
        },
        "node_modules/compute-scroll-into-view": {
            "version": "1.0.20",
            "resolved": "https://registry.npmjs.org/compute-scroll-into-view/-/compute-scroll-into-view-1.0.20.tgz",
            "integrity": "sha512-UCB0ioiyj8CRjtrvaceBLqqhZCVP+1B8+NWQhmdsm0VXOJtobBCf1dBQmebCCo34qZmUwZfIH2MZLqNHazrfjg=="
        },
        "node_modules/direction": {
            "version": "1.0.4",
            "resolved": "https://registry.npmjs.org/direction/-/direction-1.0.4.tgz",
            "integrity": "sha512-GYqKi1aH7PJXxdhTeZBFrg8vUBeKXi+cNprXsC1kpJcbcVnV9wBsrOu1cQEdG0WeQwlfHiy3XvnKfIrJ2R0NzQ==",
            "bin": {
                "direction": "cli.js"
            },
            "funding": {
                "type": "github",
                "url": "https://github.com/sponsors/wooorm"
            }
        },
        "node_modules/immer": {
            "version": "9.0.17",
            "resolved": "https://registry.npmjs.org/immer/-/immer-9.0.17.tgz",
            "integrity": "sha512-+hBruaLSQvkPfxRiTLK/mi4vLH+/VQS6z2KJahdoxlleFOI8ARqzOF17uy12eFDlqWmPoygwc5evgwcp+dlHhg==",
            "funding": {
                "type": "opencollective",
                "url": "https://opencollective.com/immer"
            }
        },
        "node_modules/is-hotkey": {
            "version": "0.1.8",
            "resolved": "https://registry.npmjs.org/is-hotkey/-/is-hotkey-0.1.8.tgz",
            "integrity": "sha512-qs3NZ1INIS+H+yeo7cD9pDfwYV/jqRh1JG9S9zYrNudkoUQg7OL7ziXqRKu+InFjUIDoP2o6HIkLYMh1pcWgyQ=="
        },
        "node_modules/is-plain-object": {
            "version": "5.0.0",
            "resolved": "https://registry.npmjs.org/is-plain-object/-/is-plain-object-5.0.0.tgz",
            "integrity": "sha512-VRSzKkbMm5jMDoKLbltAkFQ5Qr7VDiTFGXxYFXXowVj387GeGNOCsOH6Msy00SGZ3Fp84b1Naa1psqgcCIEP5Q==",
            "engines": {
                "node": ">=0.10.0"
            }
        },
        "node_modules/js-tokens": {
            "version": "4.0.0",
            "resolved": "https://registry.npmjs.org/js-tokens/-/js-tokens-4.0.0.tgz",
            "integrity": "sha512-RdJUflcE3cUzKiMqQgsCu06FPu9UdIJO0beYbPhHN4k6apgJtifcoCtT9bcxOpYBtpD2kCM6Sbzg4CausW/PKQ==",
            "peer": true
        },
        "node_modules/lodash": {
            "version": "4.17.21",
            "resolved": "https://registry.npmjs.org/lodash/-/lodash-4.17.21.tgz",
            "integrity": "sha512-v2kDEe57lecTulaDIuNTPy3Ry4gLGJ6Z1O3vE1krgXZNrsQ+LFTGHVxVjcXPs17LhbZVGedAJv8XZ1tvj5FvSg=="
        },
        "node_modules/loose-envify": {
            "version": "1.4.0",
            "resolved": "https://registry.npmjs.org/loose-envify/-/loose-envify-1.4.0.tgz",
            "integrity": "sha512-lyuxPGr/Wfhrlem2CL/UcnUc1zcqKAImBDzukY7Y5F/yQiNdko6+fRLevlw1HgMySw7f611UIY408EtxRSoK3Q==",
            "peer": true,
            "dependencies": {
                "js-tokens": "^3.0.0 || ^4.0.0"
            },
            "bin": {
                "loose-envify": "cli.js"
            }
        },
        "node_modules/prettier": {
            "version": "2.8.3",
            "resolved": "https://registry.npmjs.org/prettier/-/prettier-2.8.3.tgz",
            "integrity": "sha512-tJ/oJ4amDihPoufT5sM0Z1SKEuKay8LfVAMlbbhnnkvt6BUserZylqo2PN+p9KeljLr0OHa2rXHU1T8reeoTrw==",
            "dev": true,
            "bin": {
                "prettier": "bin-prettier.js"
            },
            "engines": {
                "node": ">=10.13.0"
            },
            "funding": {
                "url": "https://github.com/prettier/prettier?sponsor=1"
            }
        },
        "node_modules/react": {
            "version": "18.2.0",
            "resolved": "https://registry.npmjs.org/react/-/react-18.2.0.tgz",
            "integrity": "sha512-/3IjMdb2L9QbBdWiW5e3P2/npwMBaU9mHCSCUzNln0ZCYbcfTsGbTJrU/kGemdH2IWmB2ioZ+zkxtmq6g09fGQ==",
            "peer": true,
            "dependencies": {
                "loose-envify": "^1.1.0"
            },
            "engines": {
                "node": ">=0.10.0"
            }
        },
        "node_modules/react-dom": {
            "version": "18.2.0",
            "resolved": "https://registry.npmjs.org/react-dom/-/react-dom-18.2.0.tgz",
            "integrity": "sha512-6IMTriUmvsjHUjNtEDudZfuDQUoWXVxKHhlEGSk81n4YFS+r/Kl99wXiwlVXtPBtJenozv2P+hxDsw9eA7Xo6g==",
            "peer": true,
            "dependencies": {
                "loose-envify": "^1.1.0",
                "scheduler": "^0.23.0"
            },
            "peerDependencies": {
                "react": "^18.2.0"
            }
        },
        "node_modules/scheduler": {
            "version": "0.23.0",
            "resolved": "https://registry.npmjs.org/scheduler/-/scheduler-0.23.0.tgz",
            "integrity": "sha512-CtuThmgHNg7zIZWAXi3AsyIzA3n4xx7aNyjwC2VJldO2LMVDhFK+63xGqq6CsJH4rTAt6/M+N4GhZiDYPx9eUw==",
            "peer": true,
            "dependencies": {
                "loose-envify": "^1.1.0"
            }
        },
        "node_modules/scroll-into-view-if-needed": {
            "version": "2.2.31",
            "resolved": "https://registry.npmjs.org/scroll-into-view-if-needed/-/scroll-into-view-if-needed-2.2.31.tgz",
            "integrity": "sha512-dGCXy99wZQivjmjIqihaBQNjryrz5rueJY7eHfTdyWEiR4ttYpsajb14rn9s5d4DY4EcY6+4+U/maARBXJedkA==",
            "dependencies": {
                "compute-scroll-into-view": "^1.0.20"
            }
        },
        "node_modules/slate": {
            "version": "0.88.1",
            "resolved": "https://registry.npmjs.org/slate/-/slate-0.88.1.tgz",
            "integrity": "sha512-DEj9RpkNwPfdh3zbE9eGpeOVGWdS8BYQt754S0Lk6IvJXOkYaxza7WEZLZl/vnp7vloMdTe24zccyxywA3XK8g==",
            "dependencies": {
                "immer": "^9.0.6",
                "is-plain-object": "^5.0.0",
                "tiny-warning": "^1.0.3"
            }
        },
        "node_modules/slate-react": {
            "version": "0.88.2",
            "resolved": "https://registry.npmjs.org/slate-react/-/slate-react-0.88.2.tgz",
            "integrity": "sha512-r06i+b7c1deP9PH69D3kJLStB2cbwryCVUGC++3phG7G3Ie+qEeJ5AZqogdxtsXd2vZaVGYKEjSASd3bTnj3tw==",
            "dependencies": {
                "@types/is-hotkey": "^0.1.1",
                "@types/lodash": "^4.14.149",
                "direction": "^1.0.3",
                "is-hotkey": "^0.1.6",
                "is-plain-object": "^5.0.0",
                "lodash": "^4.17.4",
                "scroll-into-view-if-needed": "^2.2.20",
                "tiny-invariant": "1.0.6"
            },
            "peerDependencies": {
                "react": ">=16.8.0",
                "react-dom": ">=16.8.0",
                "slate": ">=0.65.3"
            }
        },
        "node_modules/tiny-invariant": {
            "version": "1.0.6",
            "resolved": "https://registry.npmjs.org/tiny-invariant/-/tiny-invariant-1.0.6.tgz",
            "integrity": "sha512-FOyLWWVjG+aC0UqG76V53yAWdXfH8bO6FNmyZOuUrzDzK8DI3/JRY25UD7+g49JWM1LXwymsKERB+DzI0dTEQA=="
        },
        "node_modules/tiny-warning": {
            "version": "1.0.3",
            "resolved": "https://registry.npmjs.org/tiny-warning/-/tiny-warning-1.0.3.tgz",
            "integrity": "sha512-lBN9zLN/oAf68o3zNXYrdCt1kP8WsiGW8Oo2ka41b2IM5JL/S1CTyX1rW0mb/zSuJun0ZUrDxx4sqvYS2FWzPA=="
        }
    }
}
